
Microsoft Visual Studio Solution File, Format Version 12.00
# Visual Studio 15
VisualStudioVersion = 15.0.27703.2047
MinimumVisualStudioVersion = 10.0.40219.1
Project("{FAE04EC0-301F-11D3-BF4B-00C04F79EFBC}") = "FriendOrganizer.UI", "FriendOrganizer\FriendOrganizer.UI.csproj", "{2BB14819-6895-4E8A-90E7-597B6481B283}"
EndProject
Project("{FAE04EC0-301F-11D3-BF4B-00C04F79EFBC}") = "FriendOrganizer.DataAcces", "FriendOrganizer.DataAcces\FriendOrganizer.DataAcces.csproj", "{C2E66B38-9FF8-4EB1-8ECB-BE021925D4AB}"
EndProject
Project("{FAE04EC0-301F-11D3-BF4B-00C04F79EFBC}") = "FriendOrganizer.Model", "FriendOrganizer.Model\FriendOrganizer.Model.csproj", "{6DFC76E7-1247-444F-BF58-811841343B50}"
EndProject
Global
	GlobalSection(SolutionConfigurationPlatforms) = preSolution
		Debug|Any CPU = Debug|Any CPU
		Release|Any CPU = Release|Any CPU
	EndGlobalSection
	GlobalSection(ProjectConfigurationPlatforms) = postSolution
		{2BB14819-6895-4E8A-90E7-597B6481B283}.Debug|Any CPU.ActiveCfg = Debug|Any CPU
		{2BB14819-6895-4E8A-90E7-597B6481B283}.Debug|Any CPU.Build.0 = Debug|Any CPU
		{2BB14819-6895-4E8A-90E7-597B6481B283}.Release|Any CPU.ActiveCfg = Release|Any CPU
		{2BB14819-6895-4E8A-90E7-597B6481B283}.Release|Any CPU.Build.0 = Release|Any CPU
		{C2E66B38-9FF8-4EB1-8ECB-BE021925D4AB}.Debug|Any CPU.ActiveCfg = Debug|Any CPU
		{C2E66B38-9FF8-4EB1-8ECB-BE021925D4AB}.Debug|Any CPU.Build.0 = Debug|Any CPU
		{C2E66B38-9FF8-4EB1-8ECB-BE021925D4AB}.Release|Any CPU.ActiveCfg = Release|Any CPU
		{C2E66B38-9FF8-4EB1-8ECB-BE021925D4AB}.Release|Any CPU.Build.0 = Release|Any CPU
		{6DFC76E7-1247-444F-BF58-811841343B50}.Debug|Any CPU.ActiveCfg = Debug|Any CPU
		{6DFC76E7-1247-444F-BF58-811841343B50}.Debug|Any CPU.Build.0 = Debug|Any CPU
		{6DFC76E7-1247-444F-BF58-811841343B50}.Release|Any CPU.ActiveCfg = Release|Any CPU
		{6DFC76E7-1247-444F-BF58-811841343B50}.Release|Any CPU.Build.0 = Release|Any CPU
	EndGlobalSection
	GlobalSection(SolutionProperties) = preSolution
		HideSolutionNode = FALSE
	EndGlobalSection
	GlobalSection(ExtensibilityGlobals) = postSolution
		SolutionGuid = {E0FCC658-EB01-4911-8370-9FA6665135E0}
	EndGlobalSection
EndGlobal
